// !$*UTF8*$!
{
	archiveVersion = 1;
	classes = {
	};
	objectVersion = 51;
	objects = {

/* Begin PBXBuildFile section */
		51022A6677204511E78D6D9E /* Pods_MovieNote.framework in Frameworks */ = {isa = PBXBuildFile; fileRef = D7E5F05D68EF805A327C3F79 /* Pods_MovieNote.framework */; };
		72CB4256BEE97C276CAAA351 /* Pods_MovieNote_MovieNoteUITests.framework in Frameworks */ = {isa = PBXBuildFile; fileRef = 87486FA7C5C4970D7EBA351D /* Pods_MovieNote_MovieNoteUITests.framework */; };
		D593272060837E8D0F4F8285 /* Pods_MovieNoteTests.framework in Frameworks */ = {isa = PBXBuildFile; fileRef = B3B59B20F3DD3561C3094727 /* Pods_MovieNoteTests.framework */; };
		D5BA51302772056D00C70313 /* AppDelegate.swift in Sources */ = {isa = PBXBuildFile; fileRef = D5BA512F2772056D00C70313 /* AppDelegate.swift */; };
		D5BA51342772056D00C70313 /* SettingViewController.swift in Sources */ = {isa = PBXBuildFile; fileRef = D5BA51332772056D00C70313 /* SettingViewController.swift */; };
		D5BA51372772056D00C70313 /* Main.storyboard in Resources */ = {isa = PBXBuildFile; fileRef = D5BA51352772056D00C70313 /* Main.storyboard */; };
		D5BA51392772057000C70313 /* Assets.xcassets in Resources */ = {isa = PBXBuildFile; fileRef = D5BA51382772057000C70313 /* Assets.xcassets */; };
		D5BA513C2772057000C70313 /* LaunchScreen.storyboard in Resources */ = {isa = PBXBuildFile; fileRef = D5BA513A2772057000C70313 /* LaunchScreen.storyboard */; };
		D5BA51472772057000C70313 /* MovieNoteTests.swift in Sources */ = {isa = PBXBuildFile; fileRef = D5BA51462772057000C70313 /* MovieNoteTests.swift */; };
		D5BA51522772057000C70313 /* MovieNoteUITests.swift in Sources */ = {isa = PBXBuildFile; fileRef = D5BA51512772057000C70313 /* MovieNoteUITests.swift */; };
		D5BA516427720DBC00C70313 /* NoteViewController.swift in Sources */ = {isa = PBXBuildFile; fileRef = D5BA516327720DBC00C70313 /* NoteViewController.swift */; };
		D5BA516827720E8D00C70313 /* NetworkModel.swift in Sources */ = {isa = PBXBuildFile; fileRef = D5BA516727720E8D00C70313 /* NetworkModel.swift */; };
		D5BA516A2772119F00C70313 /* MainTabbarController.swift in Sources */ = {isa = PBXBuildFile; fileRef = D5BA51692772119F00C70313 /* MainTabbarController.swift */; };
		D5BA516C27721BDC00C70313 /* Color.xcassets in Resources */ = {isa = PBXBuildFile; fileRef = D5BA516B27721BDB00C70313 /* Color.xcassets */; };
		D5BA516E27721C8600C70313 /* Colors.swift in Sources */ = {isa = PBXBuildFile; fileRef = D5BA516D27721C8600C70313 /* Colors.swift */; };
		D5BA517027734EAA00C70313 /* NoteListTableViewCell.swift in Sources */ = {isa = PBXBuildFile; fileRef = D5BA516F27734EAA00C70313 /* NoteListTableViewCell.swift */; };
		D5BA51722773500D00C70313 /* NoteListView.swift in Sources */ = {isa = PBXBuildFile; fileRef = D5BA51712773500D00C70313 /* NoteListView.swift */; };
		D5BA517427735CA000C70313 /* GenreDetailViewController.swift in Sources */ = {isa = PBXBuildFile; fileRef = D5BA517327735CA000C70313 /* GenreDetailViewController.swift */; };
		D5BA517827736EC200C70313 /* GenreHeaderView.swift in Sources */ = {isa = PBXBuildFile; fileRef = D5BA517727736EC200C70313 /* GenreHeaderView.swift */; };
		D5BA517A2773734800C70313 /* GenreListTableViewCell.swift in Sources */ = {isa = PBXBuildFile; fileRef = D5BA51792773734800C70313 /* GenreListTableViewCell.swift */; };
		D5BA517C27749FD300C70313 /* SortBottomUpViewController.swift in Sources */ = {isa = PBXBuildFile; fileRef = D5BA517B27749FD300C70313 /* SortBottomUpViewController.swift */; };
		D5BA517E2774B2EF00C70313 /* SortSeletTableViewCell.swift in Sources */ = {isa = PBXBuildFile; fileRef = D5BA517D2774B2EF00C70313 /* SortSeletTableViewCell.swift */; };
		D5BA51802775C36C00C70313 /* NoteDetailViewController.swift in Sources */ = {isa = PBXBuildFile; fileRef = D5BA517F2775C36C00C70313 /* NoteDetailViewController.swift */; };
		D5BA518B2776C82400C70313 /* MoviewInfoView.swift in Sources */ = {isa = PBXBuildFile; fileRef = D5BA518A2776C82400C70313 /* MoviewInfoView.swift */; };
		D5BA518D2776D5CB00C70313 /* NewNoteStep1ViewController.swift in Sources */ = {isa = PBXBuildFile; fileRef = D5BA518C2776D5CB00C70313 /* NewNoteStep1ViewController.swift */; };
		D5BA518F2776D6B000C70313 /* SearchHeaderView.swift in Sources */ = {isa = PBXBuildFile; fileRef = D5BA518E2776D6B000C70313 /* SearchHeaderView.swift */; };
		D5BA51912776DD5900C70313 /* SearchTableViewCell.swift in Sources */ = {isa = PBXBuildFile; fileRef = D5BA51902776DD5900C70313 /* SearchTableViewCell.swift */; };
		D5BA51932776FB3200C70313 /* NewNoteStep2ViewController.swift in Sources */ = {isa = PBXBuildFile; fileRef = D5BA51922776FB3200C70313 /* NewNoteStep2ViewController.swift */; };
		D5BA51952776FBD900C70313 /* NewNoteStep2View.swift in Sources */ = {isa = PBXBuildFile; fileRef = D5BA51942776FBD900C70313 /* NewNoteStep2View.swift */; };
		D5BA519727770B6A00C70313 /* GenreSetTableViewCell.swift in Sources */ = {isa = PBXBuildFile; fileRef = D5BA519627770B6A00C70313 /* GenreSetTableViewCell.swift */; };
		D5BA519927776C3B00C70313 /* Genre.swift in Sources */ = {isa = PBXBuildFile; fileRef = D5BA519827776C3B00C70313 /* Genre.swift */; };
		D5BA519B277864A800C70313 /* Movie.swift in Sources */ = {isa = PBXBuildFile; fileRef = D5BA519A277864A800C70313 /* Movie.swift */; };
		D5BA519D277885AD00C70313 /* Commmon.swift in Sources */ = {isa = PBXBuildFile; fileRef = D5BA519C277885AD00C70313 /* Commmon.swift */; };
		D5BA519F2778884D00C70313 /* SearchModel.swift in Sources */ = {isa = PBXBuildFile; fileRef = D5BA519E2778884D00C70313 /* SearchModel.swift */; };
		D5BA51A227788C3500C70313 /* SearchAPI.swift in Sources */ = {isa = PBXBuildFile; fileRef = D5BA51A127788C3500C70313 /* SearchAPI.swift */; };
		D5BA51A427789EEF00C70313 /* SearchViewModel.swift in Sources */ = {isa = PBXBuildFile; fileRef = D5BA51A327789EEF00C70313 /* SearchViewModel.swift */; };
		D5BA51A62778C6B000C70313 /* MovieStruct.swift in Sources */ = {isa = PBXBuildFile; fileRef = D5BA51A52778C6B000C70313 /* MovieStruct.swift */; };
		D5BA51A8277950DA00C70313 /* DataEmptyView.swift in Sources */ = {isa = PBXBuildFile; fileRef = D5BA51A7277950DA00C70313 /* DataEmptyView.swift */; };
/* End PBXBuildFile section */

/* Begin PBXContainerItemProxy section */
		D5BA51432772057000C70313 /* PBXContainerItemProxy */ = {
			isa = PBXContainerItemProxy;
			containerPortal = D5BA51242772056D00C70313 /* Project object */;
			proxyType = 1;
			remoteGlobalIDString = D5BA512B2772056D00C70313;
			remoteInfo = MovieNote;
		};
		D5BA514E2772057000C70313 /* PBXContainerItemProxy */ = {
			isa = PBXContainerItemProxy;
			containerPortal = D5BA51242772056D00C70313 /* Project object */;
			proxyType = 1;
			remoteGlobalIDString = D5BA512B2772056D00C70313;
			remoteInfo = MovieNote;
		};
/* End PBXContainerItemProxy section */

/* Begin PBXFileReference section */
		1AA4C69160031076296FF746 /* Pods-MovieNoteTests.release.xcconfig */ = {isa = PBXFileReference; includeInIndex = 1; lastKnownFileType = text.xcconfig; name = "Pods-MovieNoteTests.release.xcconfig"; path = "Target Support Files/Pods-MovieNoteTests/Pods-MovieNoteTests.release.xcconfig"; sourceTree = "<group>"; };
		3283A02A6183EAB8098C75D5 /* Pods-MovieNote-MovieNoteUITests.debug.xcconfig */ = {isa = PBXFileReference; includeInIndex = 1; lastKnownFileType = text.xcconfig; name = "Pods-MovieNote-MovieNoteUITests.debug.xcconfig"; path = "Target Support Files/Pods-MovieNote-MovieNoteUITests/Pods-MovieNote-MovieNoteUITests.debug.xcconfig"; sourceTree = "<group>"; };
		34BAEC95CABA6DEC0CBCD584 /* Pods-MovieNoteTests.debug.xcconfig */ = {isa = PBXFileReference; includeInIndex = 1; lastKnownFileType = text.xcconfig; name = "Pods-MovieNoteTests.debug.xcconfig"; path = "Target Support Files/Pods-MovieNoteTests/Pods-MovieNoteTests.debug.xcconfig"; sourceTree = "<group>"; };
		81913D1624BE99582A0B4F72 /* Pods-MovieNote.release.xcconfig */ = {isa = PBXFileReference; includeInIndex = 1; lastKnownFileType = text.xcconfig; name = "Pods-MovieNote.release.xcconfig"; path = "Target Support Files/Pods-MovieNote/Pods-MovieNote.release.xcconfig"; sourceTree = "<group>"; };
		83704E5D2991FC518BB85242 /* Pods-MovieNote.debug.xcconfig */ = {isa = PBXFileReference; includeInIndex = 1; lastKnownFileType = text.xcconfig; name = "Pods-MovieNote.debug.xcconfig"; path = "Target Support Files/Pods-MovieNote/Pods-MovieNote.debug.xcconfig"; sourceTree = "<group>"; };
		87486FA7C5C4970D7EBA351D /* Pods_MovieNote_MovieNoteUITests.framework */ = {isa = PBXFileReference; explicitFileType = wrapper.framework; includeInIndex = 0; path = Pods_MovieNote_MovieNoteUITests.framework; sourceTree = BUILT_PRODUCTS_DIR; };
		98167C735F041A962BF0585D /* Pods-MovieNote-MovieNoteUITests.release.xcconfig */ = {isa = PBXFileReference; includeInIndex = 1; lastKnownFileType = text.xcconfig; name = "Pods-MovieNote-MovieNoteUITests.release.xcconfig"; path = "Target Support Files/Pods-MovieNote-MovieNoteUITests/Pods-MovieNote-MovieNoteUITests.release.xcconfig"; sourceTree = "<group>"; };
		B3B59B20F3DD3561C3094727 /* Pods_MovieNoteTests.framework */ = {isa = PBXFileReference; explicitFileType = wrapper.framework; includeInIndex = 0; path = Pods_MovieNoteTests.framework; sourceTree = BUILT_PRODUCTS_DIR; };
		D5BA512C2772056D00C70313 /* MovieNote.app */ = {isa = PBXFileReference; explicitFileType = wrapper.application; includeInIndex = 0; path = MovieNote.app; sourceTree = BUILT_PRODUCTS_DIR; };
		D5BA512F2772056D00C70313 /* AppDelegate.swift */ = {isa = PBXFileReference; lastKnownFileType = sourcecode.swift; path = AppDelegate.swift; sourceTree = "<group>"; };
		D5BA51332772056D00C70313 /* SettingViewController.swift */ = {isa = PBXFileReference; lastKnownFileType = sourcecode.swift; path = SettingViewController.swift; sourceTree = "<group>"; };
		D5BA51362772056D00C70313 /* Base */ = {isa = PBXFileReference; lastKnownFileType = file.storyboard; name = Base; path = Base.lproj/Main.storyboard; sourceTree = "<group>"; };
		D5BA51382772057000C70313 /* Assets.xcassets */ = {isa = PBXFileReference; lastKnownFileType = folder.assetcatalog; path = Assets.xcassets; sourceTree = "<group>"; };
		D5BA513B2772057000C70313 /* Base */ = {isa = PBXFileReference; lastKnownFileType = file.storyboard; name = Base; path = Base.lproj/LaunchScreen.storyboard; sourceTree = "<group>"; };
		D5BA513D2772057000C70313 /* Info.plist */ = {isa = PBXFileReference; lastKnownFileType = text.plist.xml; path = Info.plist; sourceTree = "<group>"; };
		D5BA51422772057000C70313 /* MovieNoteTests.xctest */ = {isa = PBXFileReference; explicitFileType = wrapper.cfbundle; includeInIndex = 0; path = MovieNoteTests.xctest; sourceTree = BUILT_PRODUCTS_DIR; };
		D5BA51462772057000C70313 /* MovieNoteTests.swift */ = {isa = PBXFileReference; lastKnownFileType = sourcecode.swift; path = MovieNoteTests.swift; sourceTree = "<group>"; };
		D5BA51482772057000C70313 /* Info.plist */ = {isa = PBXFileReference; lastKnownFileType = text.plist.xml; path = Info.plist; sourceTree = "<group>"; };
		D5BA514D2772057000C70313 /* MovieNoteUITests.xctest */ = {isa = PBXFileReference; explicitFileType = wrapper.cfbundle; includeInIndex = 0; path = MovieNoteUITests.xctest; sourceTree = BUILT_PRODUCTS_DIR; };
		D5BA51512772057000C70313 /* MovieNoteUITests.swift */ = {isa = PBXFileReference; lastKnownFileType = sourcecode.swift; path = MovieNoteUITests.swift; sourceTree = "<group>"; };
		D5BA51532772057000C70313 /* Info.plist */ = {isa = PBXFileReference; lastKnownFileType = text.plist.xml; path = Info.plist; sourceTree = "<group>"; };
		D5BA516327720DBC00C70313 /* NoteViewController.swift */ = {isa = PBXFileReference; lastKnownFileType = sourcecode.swift; path = NoteViewController.swift; sourceTree = "<group>"; };
		D5BA516727720E8D00C70313 /* NetworkModel.swift */ = {isa = PBXFileReference; lastKnownFileType = sourcecode.swift; path = NetworkModel.swift; sourceTree = "<group>"; };
		D5BA51692772119F00C70313 /* MainTabbarController.swift */ = {isa = PBXFileReference; lastKnownFileType = sourcecode.swift; path = MainTabbarController.swift; sourceTree = "<group>"; };
		D5BA516B27721BDB00C70313 /* Color.xcassets */ = {isa = PBXFileReference; lastKnownFileType = folder.assetcatalog; path = Color.xcassets; sourceTree = "<group>"; };
		D5BA516D27721C8600C70313 /* Colors.swift */ = {isa = PBXFileReference; lastKnownFileType = sourcecode.swift; path = Colors.swift; sourceTree = "<group>"; };
		D5BA516F27734EAA00C70313 /* NoteListTableViewCell.swift */ = {isa = PBXFileReference; lastKnownFileType = sourcecode.swift; path = NoteListTableViewCell.swift; sourceTree = "<group>"; };
		D5BA51712773500D00C70313 /* NoteListView.swift */ = {isa = PBXFileReference; lastKnownFileType = sourcecode.swift; path = NoteListView.swift; sourceTree = "<group>"; };
		D5BA517327735CA000C70313 /* GenreDetailViewController.swift */ = {isa = PBXFileReference; lastKnownFileType = sourcecode.swift; path = GenreDetailViewController.swift; sourceTree = "<group>"; };
		D5BA517727736EC200C70313 /* GenreHeaderView.swift */ = {isa = PBXFileReference; lastKnownFileType = sourcecode.swift; path = GenreHeaderView.swift; sourceTree = "<group>"; };
		D5BA51792773734800C70313 /* GenreListTableViewCell.swift */ = {isa = PBXFileReference; lastKnownFileType = sourcecode.swift; path = GenreListTableViewCell.swift; sourceTree = "<group>"; };
		D5BA517B27749FD300C70313 /* SortBottomUpViewController.swift */ = {isa = PBXFileReference; lastKnownFileType = sourcecode.swift; path = SortBottomUpViewController.swift; sourceTree = "<group>"; };
		D5BA517D2774B2EF00C70313 /* SortSeletTableViewCell.swift */ = {isa = PBXFileReference; lastKnownFileType = sourcecode.swift; path = SortSeletTableViewCell.swift; sourceTree = "<group>"; };
		D5BA517F2775C36C00C70313 /* NoteDetailViewController.swift */ = {isa = PBXFileReference; lastKnownFileType = sourcecode.swift; path = NoteDetailViewController.swift; sourceTree = "<group>"; };
		D5BA518A2776C82400C70313 /* MoviewInfoView.swift */ = {isa = PBXFileReference; lastKnownFileType = sourcecode.swift; path = MoviewInfoView.swift; sourceTree = "<group>"; };
		D5BA518C2776D5CB00C70313 /* NewNoteStep1ViewController.swift */ = {isa = PBXFileReference; lastKnownFileType = sourcecode.swift; path = NewNoteStep1ViewController.swift; sourceTree = "<group>"; };
		D5BA518E2776D6B000C70313 /* SearchHeaderView.swift */ = {isa = PBXFileReference; lastKnownFileType = sourcecode.swift; path = SearchHeaderView.swift; sourceTree = "<group>"; };
		D5BA51902776DD5900C70313 /* SearchTableViewCell.swift */ = {isa = PBXFileReference; lastKnownFileType = sourcecode.swift; path = SearchTableViewCell.swift; sourceTree = "<group>"; };
		D5BA51922776FB3200C70313 /* NewNoteStep2ViewController.swift */ = {isa = PBXFileReference; lastKnownFileType = sourcecode.swift; path = NewNoteStep2ViewController.swift; sourceTree = "<group>"; };
		D5BA51942776FBD900C70313 /* NewNoteStep2View.swift */ = {isa = PBXFileReference; lastKnownFileType = sourcecode.swift; path = NewNoteStep2View.swift; sourceTree = "<group>"; };
		D5BA519627770B6A00C70313 /* GenreSetTableViewCell.swift */ = {isa = PBXFileReference; lastKnownFileType = sourcecode.swift; path = GenreSetTableViewCell.swift; sourceTree = "<group>"; };
		D5BA519827776C3B00C70313 /* Genre.swift */ = {isa = PBXFileReference; lastKnownFileType = sourcecode.swift; path = Genre.swift; sourceTree = "<group>"; };
		D5BA519A277864A800C70313 /* Movie.swift */ = {isa = PBXFileReference; lastKnownFileType = sourcecode.swift; path = Movie.swift; sourceTree = "<group>"; };
		D5BA519C277885AD00C70313 /* Commmon.swift */ = {isa = PBXFileReference; lastKnownFileType = sourcecode.swift; path = Commmon.swift; sourceTree = "<group>"; };
		D5BA519E2778884D00C70313 /* SearchModel.swift */ = {isa = PBXFileReference; lastKnownFileType = sourcecode.swift; path = SearchModel.swift; sourceTree = "<group>"; };
		D5BA51A127788C3500C70313 /* SearchAPI.swift */ = {isa = PBXFileReference; lastKnownFileType = sourcecode.swift; path = SearchAPI.swift; sourceTree = "<group>"; };
		D5BA51A327789EEF00C70313 /* SearchViewModel.swift */ = {isa = PBXFileReference; lastKnownFileType = sourcecode.swift; path = SearchViewModel.swift; sourceTree = "<group>"; };
		D5BA51A52778C6B000C70313 /* MovieStruct.swift */ = {isa = PBXFileReference; lastKnownFileType = sourcecode.swift; path = MovieStruct.swift; sourceTree = "<group>"; };
		D5BA51A7277950DA00C70313 /* DataEmptyView.swift */ = {isa = PBXFileReference; lastKnownFileType = sourcecode.swift; path = DataEmptyView.swift; sourceTree = "<group>"; };
		D7E5F05D68EF805A327C3F79 /* Pods_MovieNote.framework */ = {isa = PBXFileReference; explicitFileType = wrapper.framework; includeInIndex = 0; path = Pods_MovieNote.framework; sourceTree = BUILT_PRODUCTS_DIR; };
/* End PBXFileReference section */

/* Begin PBXFrameworksBuildPhase section */
		D5BA51292772056D00C70313 /* Frameworks */ = {
			isa = PBXFrameworksBuildPhase;
			buildActionMask = 2147483647;
			files = (
				51022A6677204511E78D6D9E /* Pods_MovieNote.framework in Frameworks */,
			);
			runOnlyForDeploymentPostprocessing = 0;
		};
		D5BA513F2772057000C70313 /* Frameworks */ = {
			isa = PBXFrameworksBuildPhase;
			buildActionMask = 2147483647;
			files = (
				D593272060837E8D0F4F8285 /* Pods_MovieNoteTests.framework in Frameworks */,
			);
			runOnlyForDeploymentPostprocessing = 0;
		};
		D5BA514A2772057000C70313 /* Frameworks */ = {
			isa = PBXFrameworksBuildPhase;
			buildActionMask = 2147483647;
			files = (
				72CB4256BEE97C276CAAA351 /* Pods_MovieNote_MovieNoteUITests.framework in Frameworks */,
			);
			runOnlyForDeploymentPostprocessing = 0;
		};
/* End PBXFrameworksBuildPhase section */

/* Begin PBXGroup section */
		5C763BA617CDEAFA876C15BA /* Frameworks */ = {
			isa = PBXGroup;
			children = (
				D7E5F05D68EF805A327C3F79 /* Pods_MovieNote.framework */,
				87486FA7C5C4970D7EBA351D /* Pods_MovieNote_MovieNoteUITests.framework */,
				B3B59B20F3DD3561C3094727 /* Pods_MovieNoteTests.framework */,
			);
			name = Frameworks;
			sourceTree = "<group>";
		};
		6AD947C01CFB79412C769D40 /* Pods */ = {
			isa = PBXGroup;
			children = (
				83704E5D2991FC518BB85242 /* Pods-MovieNote.debug.xcconfig */,
				81913D1624BE99582A0B4F72 /* Pods-MovieNote.release.xcconfig */,
				3283A02A6183EAB8098C75D5 /* Pods-MovieNote-MovieNoteUITests.debug.xcconfig */,
				98167C735F041A962BF0585D /* Pods-MovieNote-MovieNoteUITests.release.xcconfig */,
				34BAEC95CABA6DEC0CBCD584 /* Pods-MovieNoteTests.debug.xcconfig */,
				1AA4C69160031076296FF746 /* Pods-MovieNoteTests.release.xcconfig */,
			);
			path = Pods;
			sourceTree = "<group>";
		};
		D5BA51232772056D00C70313 = {
			isa = PBXGroup;
			children = (
				D5BA512E2772056D00C70313 /* MovieNote */,
				D5BA51452772057000C70313 /* MovieNoteTests */,
				D5BA51502772057000C70313 /* MovieNoteUITests */,
				D5BA512D2772056D00C70313 /* Products */,
				6AD947C01CFB79412C769D40 /* Pods */,
				5C763BA617CDEAFA876C15BA /* Frameworks */,
			);
			sourceTree = "<group>";
		};
		D5BA512D2772056D00C70313 /* Products */ = {
			isa = PBXGroup;
			children = (
				D5BA512C2772056D00C70313 /* MovieNote.app */,
				D5BA51422772057000C70313 /* MovieNoteTests.xctest */,
				D5BA514D2772057000C70313 /* MovieNoteUITests.xctest */,
			);
			name = Products;
			sourceTree = "<group>";
		};
		D5BA512E2772056D00C70313 /* MovieNote */ = {
			isa = PBXGroup;
			children = (
				D5BA516627720E3000C70313 /* ViewController */,
				D5BA515F27720D5800C70313 /* View */,
				D5BA516027720D6400C70313 /* ViewModel */,
				D5BA516227720D7700C70313 /* Utils */,
				D5BA51A027788BD600C70313 /* NetWork */,
				D5BA516127720D7100C70313 /* Model */,
				D5BA512F2772056D00C70313 /* AppDelegate.swift */,
				D5BA51352772056D00C70313 /* Main.storyboard */,
				D5BA51382772057000C70313 /* Assets.xcassets */,
				D5BA516B27721BDB00C70313 /* Color.xcassets */,
				D5BA513A2772057000C70313 /* LaunchScreen.storyboard */,
				D5BA513D2772057000C70313 /* Info.plist */,
			);
			path = MovieNote;
			sourceTree = "<group>";
		};
		D5BA51452772057000C70313 /* MovieNoteTests */ = {
			isa = PBXGroup;
			children = (
				D5BA51462772057000C70313 /* MovieNoteTests.swift */,
				D5BA51482772057000C70313 /* Info.plist */,
			);
			path = MovieNoteTests;
			sourceTree = "<group>";
		};
		D5BA51502772057000C70313 /* MovieNoteUITests */ = {
			isa = PBXGroup;
			children = (
				D5BA51512772057000C70313 /* MovieNoteUITests.swift */,
				D5BA51532772057000C70313 /* Info.plist */,
			);
			path = MovieNoteUITests;
			sourceTree = "<group>";
		};
		D5BA515F27720D5800C70313 /* View */ = {
			isa = PBXGroup;
			children = (
				D5BA5183277604AB00C70313 /* CustomCell */,
				D5BA51712773500D00C70313 /* NoteListView.swift */,
				D5BA51942776FBD900C70313 /* NewNoteStep2View.swift */,
				D5BA518E2776D6B000C70313 /* SearchHeaderView.swift */,
				D5BA518A2776C82400C70313 /* MoviewInfoView.swift */,
				D5BA517727736EC200C70313 /* GenreHeaderView.swift */,
				D5BA51A7277950DA00C70313 /* DataEmptyView.swift */,
			);
			path = View;
			sourceTree = "<group>";
		};
		D5BA516027720D6400C70313 /* ViewModel */ = {
			isa = PBXGroup;
			children = (
				D5BA51A327789EEF00C70313 /* SearchViewModel.swift */,
			);
			path = ViewModel;
			sourceTree = "<group>";
		};
		D5BA516127720D7100C70313 /* Model */ = {
			isa = PBXGroup;
			children = (
				D5BA519827776C3B00C70313 /* Genre.swift */,
				D5BA519A277864A800C70313 /* Movie.swift */,
				D5BA519E2778884D00C70313 /* SearchModel.swift */,
				D5BA51A52778C6B000C70313 /* MovieStruct.swift */,
			);
			path = Model;
			sourceTree = "<group>";
		};
		D5BA516227720D7700C70313 /* Utils */ = {
			isa = PBXGroup;
			children = (
				D5BA516D27721C8600C70313 /* Colors.swift */,
				D5BA519C277885AD00C70313 /* Commmon.swift */,
			);
			path = Utils;
			sourceTree = "<group>";
		};
		D5BA516627720E3000C70313 /* ViewController */ = {
			isa = PBXGroup;
			children = (
				D5BA51332772056D00C70313 /* SettingViewController.swift */,
				D5BA516327720DBC00C70313 /* NoteViewController.swift */,
				D5BA51692772119F00C70313 /* MainTabbarController.swift */,
				D5BA517327735CA000C70313 /* GenreDetailViewController.swift */,
				D5BA517F2775C36C00C70313 /* NoteDetailViewController.swift */,
				D5BA517B27749FD300C70313 /* SortBottomUpViewController.swift */,
				D5BA518C2776D5CB00C70313 /* NewNoteStep1ViewController.swift */,
				D5BA51922776FB3200C70313 /* NewNoteStep2ViewController.swift */,
			);
			path = ViewController;
			sourceTree = "<group>";
		};
		D5BA5183277604AB00C70313 /* CustomCell */ = {
			isa = PBXGroup;
			children = (
				D5BA516F27734EAA00C70313 /* NoteListTableViewCell.swift */,
				D5BA51902776DD5900C70313 /* SearchTableViewCell.swift */,
				D5BA51792773734800C70313 /* GenreListTableViewCell.swift */,
				D5BA517D2774B2EF00C70313 /* SortSeletTableViewCell.swift */,
				D5BA519627770B6A00C70313 /* GenreSetTableViewCell.swift */,
			);
			path = CustomCell;
			sourceTree = "<group>";
		};
		D5BA51A027788BD600C70313 /* NetWork */ = {
			isa = PBXGroup;
			children = (
				D5BA516727720E8D00C70313 /* NetworkModel.swift */,
				D5BA51A127788C3500C70313 /* SearchAPI.swift */,
			);
			path = NetWork;
			sourceTree = "<group>";
		};
/* End PBXGroup section */

/* Begin PBXNativeTarget section */
		D5BA512B2772056D00C70313 /* MovieNote */ = {
			isa = PBXNativeTarget;
			buildConfigurationList = D5BA51562772057000C70313 /* Build configuration list for PBXNativeTarget "MovieNote" */;
			buildPhases = (
				C6E3E595B97CC2B3653943E1 /* [CP] Check Pods Manifest.lock */,
				D5BA51282772056D00C70313 /* Sources */,
				D5BA51292772056D00C70313 /* Frameworks */,
				D5BA512A2772056D00C70313 /* Resources */,
				12A923B69DCA07436715817D /* [CP] Embed Pods Frameworks */,
			);
			buildRules = (
			);
			dependencies = (
			);
			name = MovieNote;
			productName = MovieNote;
			productReference = D5BA512C2772056D00C70313 /* MovieNote.app */;
			productType = "com.apple.product-type.application";
		};
		D5BA51412772057000C70313 /* MovieNoteTests */ = {
			isa = PBXNativeTarget;
			buildConfigurationList = D5BA51592772057000C70313 /* Build configuration list for PBXNativeTarget "MovieNoteTests" */;
			buildPhases = (
				727AF2C69EC4EC16D831B2F5 /* [CP] Check Pods Manifest.lock */,
				D5BA513E2772057000C70313 /* Sources */,
				D5BA513F2772057000C70313 /* Frameworks */,
				D5BA51402772057000C70313 /* Resources */,
			);
			buildRules = (
			);
			dependencies = (
				D5BA51442772057000C70313 /* PBXTargetDependency */,
			);
			name = MovieNoteTests;
			productName = MovieNoteTests;
			productReference = D5BA51422772057000C70313 /* MovieNoteTests.xctest */;
			productType = "com.apple.product-type.bundle.unit-test";
		};
		D5BA514C2772057000C70313 /* MovieNoteUITests */ = {
			isa = PBXNativeTarget;
			buildConfigurationList = D5BA515C2772057000C70313 /* Build configuration list for PBXNativeTarget "MovieNoteUITests" */;
			buildPhases = (
				B26BB6ECA0A0F0F1B67BF61A /* [CP] Check Pods Manifest.lock */,
				D5BA51492772057000C70313 /* Sources */,
				D5BA514A2772057000C70313 /* Frameworks */,
				D5BA514B2772057000C70313 /* Resources */,
				5721236763E000CA6D122588 /* [CP] Embed Pods Frameworks */,
			);
			buildRules = (
			);
			dependencies = (
				D5BA514F2772057000C70313 /* PBXTargetDependency */,
			);
			name = MovieNoteUITests;
			productName = MovieNoteUITests;
			productReference = D5BA514D2772057000C70313 /* MovieNoteUITests.xctest */;
			productType = "com.apple.product-type.bundle.ui-testing";
		};
/* End PBXNativeTarget section */

/* Begin PBXProject section */
		D5BA51242772056D00C70313 /* Project object */ = {
			isa = PBXProject;
			attributes = {
				LastSwiftUpdateCheck = 1250;
				LastUpgradeCheck = 1250;
				TargetAttributes = {
					D5BA512B2772056D00C70313 = {
						CreatedOnToolsVersion = 12.5;
					};
					D5BA51412772057000C70313 = {
						CreatedOnToolsVersion = 12.5;
						TestTargetID = D5BA512B2772056D00C70313;
					};
					D5BA514C2772057000C70313 = {
						CreatedOnToolsVersion = 12.5;
						TestTargetID = D5BA512B2772056D00C70313;
					};
				};
			};
			buildConfigurationList = D5BA51272772056D00C70313 /* Build configuration list for PBXProject "MovieNote" */;
			compatibilityVersion = "Xcode 9.3";
			developmentRegion = en;
			hasScannedForEncodings = 0;
			knownRegions = (
				en,
				Base,
			);
			mainGroup = D5BA51232772056D00C70313;
			productRefGroup = D5BA512D2772056D00C70313 /* Products */;
			projectDirPath = "";
			projectRoot = "";
			targets = (
				D5BA512B2772056D00C70313 /* MovieNote */,
				D5BA51412772057000C70313 /* MovieNoteTests */,
				D5BA514C2772057000C70313 /* MovieNoteUITests */,
			);
		};
/* End PBXProject section */

/* Begin PBXResourcesBuildPhase section */
		D5BA512A2772056D00C70313 /* Resources */ = {
			isa = PBXResourcesBuildPhase;
			buildActionMask = 2147483647;
			files = (
				D5BA513C2772057000C70313 /* LaunchScreen.storyboard in Resources */,
				D5BA516C27721BDC00C70313 /* Color.xcassets in Resources */,
				D5BA51392772057000C70313 /* Assets.xcassets in Resources */,
				D5BA51372772056D00C70313 /* Main.storyboard in Resources */,
			);
			runOnlyForDeploymentPostprocessing = 0;
		};
		D5BA51402772057000C70313 /* Resources */ = {
			isa = PBXResourcesBuildPhase;
			buildActionMask = 2147483647;
			files = (
			);
			runOnlyForDeploymentPostprocessing = 0;
		};
		D5BA514B2772057000C70313 /* Resources */ = {
			isa = PBXResourcesBuildPhase;
			buildActionMask = 2147483647;
			files = (
			);
			runOnlyForDeploymentPostprocessing = 0;
		};
/* End PBXResourcesBuildPhase section */

/* Begin PBXShellScriptBuildPhase section */
		12A923B69DCA07436715817D /* [CP] Embed Pods Frameworks */ = {
			isa = PBXShellScriptBuildPhase;
			buildActionMask = 2147483647;
			files = (
			);
			inputFileListPaths = (
				"${PODS_ROOT}/Target Support Files/Pods-MovieNote/Pods-MovieNote-frameworks-${CONFIGURATION}-input-files.xcfilelist",
			);
			name = "[CP] Embed Pods Frameworks";
			outputFileListPaths = (
				"${PODS_ROOT}/Target Support Files/Pods-MovieNote/Pods-MovieNote-frameworks-${CONFIGURATION}-output-files.xcfilelist",
			);
			runOnlyForDeploymentPostprocessing = 0;
			shellPath = /bin/sh;
			shellScript = "\"${PODS_ROOT}/Target Support Files/Pods-MovieNote/Pods-MovieNote-frameworks.sh\"\n";
			showEnvVarsInLog = 0;
		};
		5721236763E000CA6D122588 /* [CP] Embed Pods Frameworks */ = {
			isa = PBXShellScriptBuildPhase;
			buildActionMask = 2147483647;
			files = (
			);
			inputFileListPaths = (
				"${PODS_ROOT}/Target Support Files/Pods-MovieNote-MovieNoteUITests/Pods-MovieNote-MovieNoteUITests-frameworks-${CONFIGURATION}-input-files.xcfilelist",
			);
			name = "[CP] Embed Pods Frameworks";
			outputFileListPaths = (
				"${PODS_ROOT}/Target Support Files/Pods-MovieNote-MovieNoteUITests/Pods-MovieNote-MovieNoteUITests-frameworks-${CONFIGURATION}-output-files.xcfilelist",
			);
			runOnlyForDeploymentPostprocessing = 0;
			shellPath = /bin/sh;
			shellScript = "\"${PODS_ROOT}/Target Support Files/Pods-MovieNote-MovieNoteUITests/Pods-MovieNote-MovieNoteUITests-frameworks.sh\"\n";
			showEnvVarsInLog = 0;
		};
		727AF2C69EC4EC16D831B2F5 /* [CP] Check Pods Manifest.lock */ = {
			isa = PBXShellScriptBuildPhase;
			buildActionMask = 2147483647;
			files = (
			);
			inputFileListPaths = (
			);
			inputPaths = (
				"${PODS_PODFILE_DIR_PATH}/Podfile.lock",
				"${PODS_ROOT}/Manifest.lock",
			);
			name = "[CP] Check Pods Manifest.lock";
			outputFileListPaths = (
			);
			outputPaths = (
				"$(DERIVED_FILE_DIR)/Pods-MovieNoteTests-checkManifestLockResult.txt",
			);
			runOnlyForDeploymentPostprocessing = 0;
			shellPath = /bin/sh;
			shellScript = "diff \"${PODS_PODFILE_DIR_PATH}/Podfile.lock\" \"${PODS_ROOT}/Manifest.lock\" > /dev/null\nif [ $? != 0 ] ; then\n    # print error to STDERR\n    echo \"error: The sandbox is not in sync with the Podfile.lock. Run 'pod install' or update your CocoaPods installation.\" >&2\n    exit 1\nfi\n# This output is used by Xcode 'outputs' to avoid re-running this script phase.\necho \"SUCCESS\" > \"${SCRIPT_OUTPUT_FILE_0}\"\n";
			showEnvVarsInLog = 0;
		};
		B26BB6ECA0A0F0F1B67BF61A /* [CP] Check Pods Manifest.lock */ = {
			isa = PBXShellScriptBuildPhase;
			buildActionMask = 2147483647;
			files = (
			);
			inputFileListPaths = (
			);
			inputPaths = (
				"${PODS_PODFILE_DIR_PATH}/Podfile.lock",
				"${PODS_ROOT}/Manifest.lock",
			);
			name = "[CP] Check Pods Manifest.lock";
			outputFileListPaths = (
			);
			outputPaths = (
				"$(DERIVED_FILE_DIR)/Pods-MovieNote-MovieNoteUITests-checkManifestLockResult.txt",
			);
			runOnlyForDeploymentPostprocessing = 0;
			shellPath = /bin/sh;
			shellScript = "diff \"${PODS_PODFILE_DIR_PATH}/Podfile.lock\" \"${PODS_ROOT}/Manifest.lock\" > /dev/null\nif [ $? != 0 ] ; then\n    # print error to STDERR\n    echo \"error: The sandbox is not in sync with the Podfile.lock. Run 'pod install' or update your CocoaPods installation.\" >&2\n    exit 1\nfi\n# This output is used by Xcode 'outputs' to avoid re-running this script phase.\necho \"SUCCESS\" > \"${SCRIPT_OUTPUT_FILE_0}\"\n";
			showEnvVarsInLog = 0;
		};
		C6E3E595B97CC2B3653943E1 /* [CP] Check Pods Manifest.lock */ = {
			isa = PBXShellScriptBuildPhase;
			buildActionMask = 2147483647;
			files = (
			);
			inputFileListPaths = (
			);
			inputPaths = (
				"${PODS_PODFILE_DIR_PATH}/Podfile.lock",
				"${PODS_ROOT}/Manifest.lock",
			);
			name = "[CP] Check Pods Manifest.lock";
			outputFileListPaths = (
			);
			outputPaths = (
				"$(DERIVED_FILE_DIR)/Pods-MovieNote-checkManifestLockResult.txt",
			);
			runOnlyForDeploymentPostprocessing = 0;
			shellPath = /bin/sh;
			shellScript = "diff \"${PODS_PODFILE_DIR_PATH}/Podfile.lock\" \"${PODS_ROOT}/Manifest.lock\" > /dev/null\nif [ $? != 0 ] ; then\n    # print error to STDERR\n    echo \"error: The sandbox is not in sync with the Podfile.lock. Run 'pod install' or update your CocoaPods installation.\" >&2\n    exit 1\nfi\n# This output is used by Xcode 'outputs' to avoid re-running this script phase.\necho \"SUCCESS\" > \"${SCRIPT_OUTPUT_FILE_0}\"\n";
			showEnvVarsInLog = 0;
		};
/* End PBXShellScriptBuildPhase section */

/* Begin PBXSourcesBuildPhase section */
		D5BA51282772056D00C70313 /* Sources */ = {
			isa = PBXSourcesBuildPhase;
			buildActionMask = 2147483647;
			files = (
				D5BA519927776C3B00C70313 /* Genre.swift in Sources */,
				D5BA517427735CA000C70313 /* GenreDetailViewController.swift in Sources */,
				D5BA51802775C36C00C70313 /* NoteDetailViewController.swift in Sources */,
				D5BA519F2778884D00C70313 /* SearchModel.swift in Sources */,
				D5BA519B277864A800C70313 /* Movie.swift in Sources */,
				D5BA519727770B6A00C70313 /* GenreSetTableViewCell.swift in Sources */,
				D5BA516427720DBC00C70313 /* NoteViewController.swift in Sources */,
				D5BA516E27721C8600C70313 /* Colors.swift in Sources */,
				D5BA517827736EC200C70313 /* GenreHeaderView.swift in Sources */,
				D5BA518B2776C82400C70313 /* MoviewInfoView.swift in Sources */,
				D5BA517E2774B2EF00C70313 /* SortSeletTableViewCell.swift in Sources */,
				D5BA517C27749FD300C70313 /* SortBottomUpViewController.swift in Sources */,
				D5BA517A2773734800C70313 /* GenreListTableViewCell.swift in Sources */,
				D5BA51912776DD5900C70313 /* SearchTableViewCell.swift in Sources */,
				D5BA51A227788C3500C70313 /* SearchAPI.swift in Sources */,
				D5BA519D277885AD00C70313 /* Commmon.swift in Sources */,
				D5BA51952776FBD900C70313 /* NewNoteStep2View.swift in Sources */,
				D5BA51A62778C6B000C70313 /* MovieStruct.swift in Sources */,
				D5BA51932776FB3200C70313 /* NewNoteStep2ViewController.swift in Sources */,
				D5BA518F2776D6B000C70313 /* SearchHeaderView.swift in Sources */,
				D5BA51A8277950DA00C70313 /* DataEmptyView.swift in Sources */,
				D5BA51722773500D00C70313 /* NoteListView.swift in Sources */,
				D5BA51342772056D00C70313 /* SettingViewController.swift in Sources */,
				D5BA516A2772119F00C70313 /* MainTabbarController.swift in Sources */,
				D5BA517027734EAA00C70313 /* NoteListTableViewCell.swift in Sources */,
				D5BA51302772056D00C70313 /* AppDelegate.swift in Sources */,
				D5BA51A427789EEF00C70313 /* SearchViewModel.swift in Sources */,
				D5BA518D2776D5CB00C70313 /* NewNoteStep1ViewController.swift in Sources */,
				D5BA516827720E8D00C70313 /* NetworkModel.swift in Sources */,
			);
			runOnlyForDeploymentPostprocessing = 0;
		};
		D5BA513E2772057000C70313 /* Sources */ = {
			isa = PBXSourcesBuildPhase;
			buildActionMask = 2147483647;
			files = (
				D5BA51472772057000C70313 /* MovieNoteTests.swift in Sources */,
			);
			runOnlyForDeploymentPostprocessing = 0;
		};
		D5BA51492772057000C70313 /* Sources */ = {
			isa = PBXSourcesBuildPhase;
			buildActionMask = 2147483647;
			files = (
				D5BA51522772057000C70313 /* MovieNoteUITests.swift in Sources */,
			);
			runOnlyForDeploymentPostprocessing = 0;
		};
/* End PBXSourcesBuildPhase section */

/* Begin PBXTargetDependency section */
		D5BA51442772057000C70313 /* PBXTargetDependency */ = {
			isa = PBXTargetDependency;
			target = D5BA512B2772056D00C70313 /* MovieNote */;
			targetProxy = D5BA51432772057000C70313 /* PBXContainerItemProxy */;
		};
		D5BA514F2772057000C70313 /* PBXTargetDependency */ = {
			isa = PBXTargetDependency;
			target = D5BA512B2772056D00C70313 /* MovieNote */;
			targetProxy = D5BA514E2772057000C70313 /* PBXContainerItemProxy */;
		};
/* End PBXTargetDependency section */

/* Begin PBXVariantGroup section */
		D5BA51352772056D00C70313 /* Main.storyboard */ = {
			isa = PBXVariantGroup;
			children = (
				D5BA51362772056D00C70313 /* Base */,
			);
			name = Main.storyboard;
			sourceTree = "<group>";
		};
		D5BA513A2772057000C70313 /* LaunchScreen.storyboard */ = {
			isa = PBXVariantGroup;
			children = (
				D5BA513B2772057000C70313 /* Base */,
			);
			name = LaunchScreen.storyboard;
			sourceTree = "<group>";
		};
/* End PBXVariantGroup section */

/* Begin XCBuildConfiguration section */
		D5BA51542772057000C70313 /* Debug */ = {
			isa = XCBuildConfiguration;
			buildSettings = {
				ALWAYS_SEARCH_USER_PATHS = NO;
				CLANG_ANALYZER_NONNULL = YES;
				CLANG_ANALYZER_NUMBER_OBJECT_CONVERSION = YES_AGGRESSIVE;
				CLANG_CXX_LANGUAGE_STANDARD = "gnu++14";
				CLANG_CXX_LIBRARY = "libc++";
				CLANG_ENABLE_MODULES = YES;
				CLANG_ENABLE_OBJC_ARC = YES;
				CLANG_ENABLE_OBJC_WEAK = YES;
				CLANG_WARN_BLOCK_CAPTURE_AUTORELEASING = YES;
				CLANG_WARN_BOOL_CONVERSION = YES;
				CLANG_WARN_COMMA = YES;
				CLANG_WARN_CONSTANT_CONVERSION = YES;
				CLANG_WARN_DEPRECATED_OBJC_IMPLEMENTATIONS = YES;
				CLANG_WARN_DIRECT_OBJC_ISA_USAGE = YES_ERROR;
				CLANG_WARN_DOCUMENTATION_COMMENTS = YES;
				CLANG_WARN_EMPTY_BODY = YES;
				CLANG_WARN_ENUM_CONVERSION = YES;
				CLANG_WARN_INFINITE_RECURSION = YES;
				CLANG_WARN_INT_CONVERSION = YES;
				CLANG_WARN_NON_LITERAL_NULL_CONVERSION = YES;
				CLANG_WARN_OBJC_IMPLICIT_RETAIN_SELF = YES;
				CLANG_WARN_OBJC_LITERAL_CONVERSION = YES;
				CLANG_WARN_OBJC_ROOT_CLASS = YES_ERROR;
				CLANG_WARN_QUOTED_INCLUDE_IN_FRAMEWORK_HEADER = YES;
				CLANG_WARN_RANGE_LOOP_ANALYSIS = YES;
				CLANG_WARN_STRICT_PROTOTYPES = YES;
				CLANG_WARN_SUSPICIOUS_MOVE = YES;
				CLANG_WARN_UNGUARDED_AVAILABILITY = YES_AGGRESSIVE;
				CLANG_WARN_UNREACHABLE_CODE = YES;
				CLANG_WARN__DUPLICATE_METHOD_MATCH = YES;
				COPY_PHASE_STRIP = NO;
				DEBUG_INFORMATION_FORMAT = dwarf;
				ENABLE_STRICT_OBJC_MSGSEND = YES;
				ENABLE_TESTABILITY = YES;
				GCC_C_LANGUAGE_STANDARD = gnu11;
				GCC_DYNAMIC_NO_PIC = NO;
				GCC_NO_COMMON_BLOCKS = YES;
				GCC_OPTIMIZATION_LEVEL = 0;
				GCC_PREPROCESSOR_DEFINITIONS = (
					"DEBUG=1",
					"$(inherited)",
				);
				GCC_WARN_64_TO_32_BIT_CONVERSION = YES;
				GCC_WARN_ABOUT_RETURN_TYPE = YES_ERROR;
				GCC_WARN_UNDECLARED_SELECTOR = YES;
				GCC_WARN_UNINITIALIZED_AUTOS = YES_AGGRESSIVE;
				GCC_WARN_UNUSED_FUNCTION = YES;
				GCC_WARN_UNUSED_VARIABLE = YES;
				IPHONEOS_DEPLOYMENT_TARGET = 12.0;
				MTL_ENABLE_DEBUG_INFO = INCLUDE_SOURCE;
				MTL_FAST_MATH = YES;
				ONLY_ACTIVE_ARCH = YES;
				SDKROOT = iphoneos;
				SWIFT_ACTIVE_COMPILATION_CONDITIONS = DEBUG;
				SWIFT_OPTIMIZATION_LEVEL = "-Onone";
			};
			name = Debug;
		};
		D5BA51552772057000C70313 /* Release */ = {
			isa = XCBuildConfiguration;
			buildSettings = {
				ALWAYS_SEARCH_USER_PATHS = NO;
				CLANG_ANALYZER_NONNULL = YES;
				CLANG_ANALYZER_NUMBER_OBJECT_CONVERSION = YES_AGGRESSIVE;
				CLANG_CXX_LANGUAGE_STANDARD = "gnu++14";
				CLANG_CXX_LIBRARY = "libc++";
				CLANG_ENABLE_MODULES = YES;
				CLANG_ENABLE_OBJC_ARC = YES;
				CLANG_ENABLE_OBJC_WEAK = YES;
				CLANG_WARN_BLOCK_CAPTURE_AUTORELEASING = YES;
				CLANG_WARN_BOOL_CONVERSION = YES;
				CLANG_WARN_COMMA = YES;
				CLANG_WARN_CONSTANT_CONVERSION = YES;
				CLANG_WARN_DEPRECATED_OBJC_IMPLEMENTATIONS = YES;
				CLANG_WARN_DIRECT_OBJC_ISA_USAGE = YES_ERROR;
				CLANG_WARN_DOCUMENTATION_COMMENTS = YES;
				CLANG_WARN_EMPTY_BODY = YES;
				CLANG_WARN_ENUM_CONVERSION = YES;
				CLANG_WARN_INFINITE_RECURSION = YES;
				CLANG_WARN_INT_CONVERSION = YES;
				CLANG_WARN_NON_LITERAL_NULL_CONVERSION = YES;
				CLANG_WARN_OBJC_IMPLICIT_RETAIN_SELF = YES;
				CLANG_WARN_OBJC_LITERAL_CONVERSION = YES;
				CLANG_WARN_OBJC_ROOT_CLASS = YES_ERROR;
				CLANG_WARN_QUOTED_INCLUDE_IN_FRAMEWORK_HEADER = YES;
				CLANG_WARN_RANGE_LOOP_ANALYSIS = YES;
				CLANG_WARN_STRICT_PROTOTYPES = YES;
				CLANG_WARN_SUSPICIOUS_MOVE = YES;
				CLANG_WARN_UNGUARDED_AVAILABILITY = YES_AGGRESSIVE;
				CLANG_WARN_UNREACHABLE_CODE = YES;
				CLANG_WARN__DUPLICATE_METHOD_MATCH = YES;
				COPY_PHASE_STRIP = NO;
				DEBUG_INFORMATION_FORMAT = "dwarf-with-dsym";
				ENABLE_NS_ASSERTIONS = NO;
				ENABLE_STRICT_OBJC_MSGSEND = YES;
				GCC_C_LANGUAGE_STANDARD = gnu11;
				GCC_NO_COMMON_BLOCKS = YES;
				GCC_WARN_64_TO_32_BIT_CONVERSION = YES;
				GCC_WARN_ABOUT_RETURN_TYPE = YES_ERROR;
				GCC_WARN_UNDECLARED_SELECTOR = YES;
				GCC_WARN_UNINITIALIZED_AUTOS = YES_AGGRESSIVE;
				GCC_WARN_UNUSED_FUNCTION = YES;
				GCC_WARN_UNUSED_VARIABLE = YES;
				IPHONEOS_DEPLOYMENT_TARGET = 12.0;
				MTL_ENABLE_DEBUG_INFO = NO;
				MTL_FAST_MATH = YES;
				SDKROOT = iphoneos;
				SWIFT_COMPILATION_MODE = wholemodule;
				SWIFT_OPTIMIZATION_LEVEL = "-O";
				VALIDATE_PRODUCT = YES;
			};
			name = Release;
		};
		D5BA51572772057000C70313 /* Debug */ = {
			isa = XCBuildConfiguration;
			baseConfigurationReference = 83704E5D2991FC518BB85242 /* Pods-MovieNote.debug.xcconfig */;
			buildSettings = {
				ASSETCATALOG_COMPILER_APPICON_NAME = AppIcon;
				ASSETCATALOG_COMPILER_GLOBAL_ACCENT_COLOR_NAME = AccentColor;
				CODE_SIGN_STYLE = Automatic;
				DEVELOPMENT_TEAM = B974W3SGZC;
				INFOPLIST_FILE = MovieNote/Info.plist;
				LD_RUNPATH_SEARCH_PATHS = (
					"$(inherited)",
					"@executable_path/Frameworks",
				);
				PRODUCT_BUNDLE_IDENTIFIER = midumKim.MovieNote;
				PRODUCT_NAME = "$(TARGET_NAME)";
				SWIFT_VERSION = 5.0;
				TARGETED_DEVICE_FAMILY = "1,2";
			};
			name = Debug;
		};
		D5BA51582772057000C70313 /* Release */ = {
			isa = XCBuildConfiguration;
			baseConfigurationReference = 81913D1624BE99582A0B4F72 /* Pods-MovieNote.release.xcconfig */;
			buildSettings = {
				ASSETCATALOG_COMPILER_APPICON_NAME = AppIcon;
				ASSETCATALOG_COMPILER_GLOBAL_ACCENT_COLOR_NAME = AccentColor;
				CODE_SIGN_STYLE = Automatic;
				DEVELOPMENT_TEAM = B974W3SGZC;
				INFOPLIST_FILE = MovieNote/Info.plist;
				LD_RUNPATH_SEARCH_PATHS = (
					"$(inherited)",
					"@executable_path/Frameworks",
				);
				PRODUCT_BUNDLE_IDENTIFIER = midumKim.MovieNote;
				PRODUCT_NAME = "$(TARGET_NAME)";
				SWIFT_VERSION = 5.0;
				TARGETED_DEVICE_FAMILY = "1,2";
			};
			name = Release;
		};
		D5BA515A2772057000C70313 /* Debug */ = {
			isa = XCBuildConfiguration;
			baseConfigurationReference = 34BAEC95CABA6DEC0CBCD584 /* Pods-MovieNoteTests.debug.xcconfig */;
			buildSettings = {
				ALWAYS_EMBED_SWIFT_STANDARD_LIBRARIES = YES;
				BUNDLE_LOADER = "$(TEST_HOST)";
				CODE_SIGN_STYLE = Automatic;
				DEVELOPMENT_TEAM = B974W3SGZC;
				INFOPLIST_FILE = MovieNoteTests/Info.plist;
				IPHONEOS_DEPLOYMENT_TARGET = 14.5;
				LD_RUNPATH_SEARCH_PATHS = (
					"$(inherited)",
					"@executable_path/Frameworks",
					"@loader_path/Frameworks",
				);
				PRODUCT_BUNDLE_IDENTIFIER = midumKim.MovieNoteTests;
				PRODUCT_NAME = "$(TARGET_NAME)";
				SWIFT_VERSION = 5.0;
				TARGETED_DEVICE_FAMILY = "1,2";
				TEST_HOST = "$(BUILT_PRODUCTS_DIR)/MovieNote.app/MovieNote";
			};
			name = Debug;
		};
		D5BA515B2772057000C70313 /* Release */ = {
			isa = XCBuildConfiguration;
			baseConfigurationReference = 1AA4C69160031076296FF746 /* Pods-MovieNoteTests.release.xcconfig */;
			buildSettings = {
				ALWAYS_EMBED_SWIFT_STANDARD_LIBRARIES = YES;
				BUNDLE_LOADER = "$(TEST_HOST)";
				CODE_SIGN_STYLE = Automatic;
				DEVELOPMENT_TEAM = B974W3SGZC;
				INFOPLIST_FILE = MovieNoteTests/Info.plist;
				IPHONEOS_DEPLOYMENT_TARGET = 14.5;
				LD_RUNPATH_SEARCH_PATHS = (
					"$(inherited)",
					"@executable_path/Frameworks",
					"@loader_path/Frameworks",
				);
				PRODUCT_BUNDLE_IDENTIFIER = midumKim.MovieNoteTests;
				PRODUCT_NAME = "$(TARGET_NAME)";
				SWIFT_VERSION = 5.0;
				TARGETED_DEVICE_FAMILY = "1,2";
				TEST_HOST = "$(BUILT_PRODUCTS_DIR)/MovieNote.app/MovieNote";
			};
			name = Release;
		};
		D5BA515D2772057000C70313 /* Debug */ = {
			isa = XCBuildConfiguration;
			baseConfigurationReference = 3283A02A6183EAB8098C75D5 /* Pods-MovieNote-MovieNoteUITests.debug.xcconfig */;
			buildSettings = {
				ALWAYS_EMBED_SWIFT_STANDARD_LIBRARIES = YES;
				CODE_SIGN_STYLE = Automatic;
				DEVELOPMENT_TEAM = B974W3SGZC;
				INFOPLIST_FILE = MovieNoteUITests/Info.plist;
				LD_RUNPATH_SEARCH_PATHS = (
					"$(inherited)",
					"@executable_path/Frameworks",
					"@loader_path/Frameworks",
				);
				PRODUCT_BUNDLE_IDENTIFIER = midumKim.MovieNoteUITests;
				PRODUCT_NAME = "$(TARGET_NAME)";
				SWIFT_VERSION = 5.0;
				TARGETED_DEVICE_FAMILY = "1,2";
				TEST_TARGET_NAME = MovieNote;
			};
			name = Debug;
		};
		D5BA515E2772057000C70313 /* Release */ = {
			isa = XCBuildConfiguration;
			baseConfigurationReference = 98167C735F041A962BF0585D /* Pods-MovieNote-MovieNoteUITests.release.xcconfig */;
			buildSettings = {
				ALWAYS_EMBED_SWIFT_STANDARD_LIBRARIES = YES;
				CODE_SIGN_STYLE = Automatic;
				DEVELOPMENT_TEAM = B974W3SGZC;
				INFOPLIST_FILE = MovieNoteUITests/Info.plist;
				LD_RUNPATH_SEARCH_PATHS = (
					"$(inherited)",
					"@executable_path/Frameworks",
					"@loader_path/Frameworks",
				);
				PRODUCT_BUNDLE_IDENTIFIER = midumKim.MovieNoteUITests;
				PRODUCT_NAME = "$(TARGET_NAME)";
				SWIFT_VERSION = 5.0;
				TARGETED_DEVICE_FAMILY = "1,2";
				TEST_TARGET_NAME = MovieNote;
			};
			name = Release;
		};
/* End XCBuildConfiguration section */

/* Begin XCConfigurationList section */
		D5BA51272772056D00C70313 /* Build configuration list for PBXProject "MovieNote" */ = {
			isa = XCConfigurationList;
			buildConfigurations = (
				D5BA51542772057000C70313 /* Debug */,
				D5BA51552772057000C70313 /* Release */,
			);
			defaultConfigurationIsVisible = 0;
			defaultConfigurationName = Release;
		};
		D5BA51562772057000C70313 /* Build configuration list for PBXNativeTarget "MovieNote" */ = {
			isa = XCConfigurationList;
			buildConfigurations = (
				D5BA51572772057000C70313 /* Debug */,
				D5BA51582772057000C70313 /* Release */,
			);
			defaultConfigurationIsVisible = 0;
			defaultConfigurationName = Release;
		};
		D5BA51592772057000C70313 /* Build configuration list for PBXNativeTarget "MovieNoteTests" */ = {
			isa = XCConfigurationList;
			buildConfigurations = (
				D5BA515A2772057000C70313 /* Debug */,
				D5BA515B2772057000C70313 /* Release */,
			);
			defaultConfigurationIsVisible = 0;
			defaultConfigurationName = Release;
		};
		D5BA515C2772057000C70313 /* Build configuration list for PBXNativeTarget "MovieNoteUITests" */ = {
			isa = XCConfigurationList;
			buildConfigurations = (
				D5BA515D2772057000C70313 /* Debug */,
				D5BA515E2772057000C70313 /* Release */,
			);
			defaultConfigurationIsVisible = 0;
			defaultConfigurationName = Release;
		};
/* End XCConfigurationList section */
	};
	rootObject = D5BA51242772056D00C70313 /* Project object */;
}
